
Microsoft Visual Studio Solution File, Format Version 12.00
Project("{FAE04EC0-301F-11D3-BF4B-00C04F79EFBC}") = "TaskJ", "TaskJ\TaskJ.csproj", "{DFC2ED73-73C1-477B-AD1D-E5A4CC77FB60}"
EndProject
Project("{FAE04EC0-301F-11D3-BF4B-00C04F79EFBC}") = "TaskA", "TaskA\TaskA.csproj", "{912E888D-E37E-4721-BB42-8DE815B1FB3F}"
EndProject
Project("{FAE04EC0-301F-11D3-BF4B-00C04F79EFBC}") = "TaskB", "TaskB\TaskB.csproj", "{752D8E43-9361-4EAF-82CB-A3A573C9825C}"
EndProject
Project("{FAE04EC0-301F-11D3-BF4B-00C04F79EFBC}") = "TaskC", "TaskC\TaskC.csproj", "{A6B002C5-712F-4B99-A56E-17824E619701}"
EndProject
Project("{FAE04EC0-301F-11D3-BF4B-00C04F79EFBC}") = "TaskD", "TaskD\TaskD.csproj", "{A31F105C-0021-4171-8018-AF492CF54F39}"
EndProject
Project("{FAE04EC0-301F-11D3-BF4B-00C04F79EFBC}") = "TaskE", "TaskE\TaskE.csproj", "{CFC79BDD-A881-477B-BB95-C9C32CCFEF14}"
EndProject
Project("{FAE04EC0-301F-11D3-BF4B-00C04F79EFBC}") = "TaskF", "TaskF\TaskF.csproj", "{54CC4735-FFB4-424D-A00B-16CD27DD8D37}"
EndProject
Project("{FAE04EC0-301F-11D3-BF4B-00C04F79EFBC}") = "TaskG", "TaskG\TaskG.csproj", "{3B8F1DBB-8FD0-4E40-94D6-2DD735C07E93}"
EndProject
Project("{FAE04EC0-301F-11D3-BF4B-00C04F79EFBC}") = "TaskH", "TaskH\TaskH.csproj", "{AE6D7EA5-B551-4B7D-8744-E25F53AF27C3}"
EndProject
Project("{FAE04EC0-301F-11D3-BF4B-00C04F79EFBC}") = "TaskI", "TaskI\TaskI.csproj", "{4FE5DA94-E051-4187-B523-594D2A7609A8}"
EndProject
Global
	GlobalSection(SolutionConfigurationPlatforms) = preSolution
		Debug|Any CPU = Debug|Any CPU
		Release|Any CPU = Release|Any CPU
	EndGlobalSection
	GlobalSection(ProjectConfigurationPlatforms) = postSolution
		{DFC2ED73-73C1-477B-AD1D-E5A4CC77FB60}.Debug|Any CPU.ActiveCfg = Debug|Any CPU
		{DFC2ED73-73C1-477B-AD1D-E5A4CC77FB60}.Debug|Any CPU.Build.0 = Debug|Any CPU
		{DFC2ED73-73C1-477B-AD1D-E5A4CC77FB60}.Release|Any CPU.ActiveCfg = Release|Any CPU
		{DFC2ED73-73C1-477B-AD1D-E5A4CC77FB60}.Release|Any CPU.Build.0 = Release|Any CPU
		{912E888D-E37E-4721-BB42-8DE815B1FB3F}.Debug|Any CPU.ActiveCfg = Debug|Any CPU
		{912E888D-E37E-4721-BB42-8DE815B1FB3F}.Debug|Any CPU.Build.0 = Debug|Any CPU
		{912E888D-E37E-4721-BB42-8DE815B1FB3F}.Release|Any CPU.ActiveCfg = Release|Any CPU
		{912E888D-E37E-4721-BB42-8DE815B1FB3F}.Release|Any CPU.Build.0 = Release|Any CPU
		{752D8E43-9361-4EAF-82CB-A3A573C9825C}.Debug|Any CPU.ActiveCfg = Debug|Any CPU
		{752D8E43-9361-4EAF-82CB-A3A573C9825C}.Debug|Any CPU.Build.0 = Debug|Any CPU
		{752D8E43-9361-4EAF-82CB-A3A573C9825C}.Release|Any CPU.ActiveCfg = Release|Any CPU
		{752D8E43-9361-4EAF-82CB-A3A573C9825C}.Release|Any CPU.Build.0 = Release|Any CPU
		{A6B002C5-712F-4B99-A56E-17824E619701}.Debug|Any CPU.ActiveCfg = Debug|Any CPU
		{A6B002C5-712F-4B99-A56E-17824E619701}.Debug|Any CPU.Build.0 = Debug|Any CPU
		{A6B002C5-712F-4B99-A56E-17824E619701}.Release|Any CPU.ActiveCfg = Release|Any CPU
		{A6B002C5-712F-4B99-A56E-17824E619701}.Release|Any CPU.Build.0 = Release|Any CPU
		{A31F105C-0021-4171-8018-AF492CF54F39}.Debug|Any CPU.ActiveCfg = Debug|Any CPU
		{A31F105C-0021-4171-8018-AF492CF54F39}.Debug|Any CPU.Build.0 = Debug|Any CPU
		{A31F105C-0021-4171-8018-AF492CF54F39}.Release|Any CPU.ActiveCfg = Release|Any CPU
		{A31F105C-0021-4171-8018-AF492CF54F39}.Release|Any CPU.Build.0 = Release|Any CPU
		{CFC79BDD-A881-477B-BB95-C9C32CCFEF14}.Debug|Any CPU.ActiveCfg = Debug|Any CPU
		{CFC79BDD-A881-477B-BB95-C9C32CCFEF14}.Debug|Any CPU.Build.0 = Debug|Any CPU
		{CFC79BDD-A881-477B-BB95-C9C32CCFEF14}.Release|Any CPU.ActiveCfg = Release|Any CPU
		{CFC79BDD-A881-477B-BB95-C9C32CCFEF14}.Release|Any CPU.Build.0 = Release|Any CPU
		{54CC4735-FFB4-424D-A00B-16CD27DD8D37}.Debug|Any CPU.ActiveCfg = Debug|Any CPU
		{54CC4735-FFB4-424D-A00B-16CD27DD8D37}.Debug|Any CPU.Build.0 = Debug|Any CPU
		{54CC4735-FFB4-424D-A00B-16CD27DD8D37}.Release|Any CPU.ActiveCfg = Release|Any CPU
		{54CC4735-FFB4-424D-A00B-16CD27DD8D37}.Release|Any CPU.Build.0 = Release|Any CPU
		{3B8F1DBB-8FD0-4E40-94D6-2DD735C07E93}.Debug|Any CPU.ActiveCfg = Debug|Any CPU
		{3B8F1DBB-8FD0-4E40-94D6-2DD735C07E93}.Debug|Any CPU.Build.0 = Debug|Any CPU
		{3B8F1DBB-8FD0-4E40-94D6-2DD735C07E93}.Release|Any CPU.ActiveCfg = Release|Any CPU
		{3B8F1DBB-8FD0-4E40-94D6-2DD735C07E93}.Release|Any CPU.Build.0 = Release|Any CPU
		{AE6D7EA5-B551-4B7D-8744-E25F53AF27C3}.Debug|Any CPU.ActiveCfg = Debug|Any CPU
		{AE6D7EA5-B551-4B7D-8744-E25F53AF27C3}.Debug|Any CPU.Build.0 = Debug|Any CPU
		{AE6D7EA5-B551-4B7D-8744-E25F53AF27C3}.Release|Any CPU.ActiveCfg = Release|Any CPU
		{AE6D7EA5-B551-4B7D-8744-E25F53AF27C3}.Release|Any CPU.Build.0 = Release|Any CPU
		{4FE5DA94-E051-4187-B523-594D2A7609A8}.Debug|Any CPU.ActiveCfg = Debug|Any CPU
		{4FE5DA94-E051-4187-B523-594D2A7609A8}.Debug|Any CPU.Build.0 = Debug|Any CPU
		{4FE5DA94-E051-4187-B523-594D2A7609A8}.Release|Any CPU.ActiveCfg = Release|Any CPU
		{4FE5DA94-E051-4187-B523-594D2A7609A8}.Release|Any CPU.Build.0 = Release|Any CPU
	EndGlobalSection
EndGlobal
