
Microsoft Visual Studio Solution File, Format Version 12.00
Project("{FAE04EC0-301F-11D3-BF4B-00C04F79EFBC}") = "TaskB", "TaskB\TaskB.csproj", "{C021B623-F972-4EBC-8F88-2B22A78A97A0}"
EndProject
Project("{FAE04EC0-301F-11D3-BF4B-00C04F79EFBC}") = "TaskC", "TaskC\TaskC.csproj", "{EDF82BF0-9F65-468B-9B86-133DC06C42FB}"
EndProject
Project("{FAE04EC0-301F-11D3-BF4B-00C04F79EFBC}") = "TaskD", "TaskD\TaskD.csproj", "{40E9C36A-80E0-4E97-8BCE-23AD648E7105}"
EndProject
Project("{FAE04EC0-301F-11D3-BF4B-00C04F79EFBC}") = "TaskE", "TaskE\TaskE.csproj", "{F83DD35A-2B96-4264-A76B-C9595AD3B13E}"
EndProject
Project("{FAE04EC0-301F-11D3-BF4B-00C04F79EFBC}") = "TaskF", "TaskF\TaskF.csproj", "{EE2A449F-CDC0-4AA0-8766-FED18C532034}"
EndProject
Project("{FAE04EC0-301F-11D3-BF4B-00C04F79EFBC}") = "TaskA", "TaskA\TaskA.csproj", "{40077E10-6B74-41DB-8E16-56511BD5EF01}"
EndProject
Project("{FAE04EC0-301F-11D3-BF4B-00C04F79EFBC}") = "TaskG", "TaskG\TaskG.csproj", "{511BCADA-6F5B-47DD-A136-255B83C75588}"
EndProject
Project("{FAE04EC0-301F-11D3-BF4B-00C04F79EFBC}") = "TaskH", "TaskH\TaskH.csproj", "{45B6EA3F-00A9-481A-9C5A-1A2D15A44E8C}"
EndProject
Project("{FAE04EC0-301F-11D3-BF4B-00C04F79EFBC}") = "TaskI", "TaskI\TaskI.csproj", "{64FE30D7-A6E6-4938-9E79-B25DE7FD6B87}"
EndProject
Project("{FAE04EC0-301F-11D3-BF4B-00C04F79EFBC}") = "TaskJ", "TaskJ\TaskJ.csproj", "{A82086B5-DEB2-419A-B893-F5428F531776}"
EndProject
Global
	GlobalSection(SolutionConfigurationPlatforms) = preSolution
		Debug|Any CPU = Debug|Any CPU
		Release|Any CPU = Release|Any CPU
	EndGlobalSection
	GlobalSection(ProjectConfigurationPlatforms) = postSolution
		{C021B623-F972-4EBC-8F88-2B22A78A97A0}.Debug|Any CPU.ActiveCfg = Debug|Any CPU
		{C021B623-F972-4EBC-8F88-2B22A78A97A0}.Debug|Any CPU.Build.0 = Debug|Any CPU
		{C021B623-F972-4EBC-8F88-2B22A78A97A0}.Release|Any CPU.ActiveCfg = Release|Any CPU
		{C021B623-F972-4EBC-8F88-2B22A78A97A0}.Release|Any CPU.Build.0 = Release|Any CPU
		{EDF82BF0-9F65-468B-9B86-133DC06C42FB}.Debug|Any CPU.ActiveCfg = Debug|Any CPU
		{EDF82BF0-9F65-468B-9B86-133DC06C42FB}.Debug|Any CPU.Build.0 = Debug|Any CPU
		{EDF82BF0-9F65-468B-9B86-133DC06C42FB}.Release|Any CPU.ActiveCfg = Release|Any CPU
		{EDF82BF0-9F65-468B-9B86-133DC06C42FB}.Release|Any CPU.Build.0 = Release|Any CPU
		{40E9C36A-80E0-4E97-8BCE-23AD648E7105}.Debug|Any CPU.ActiveCfg = Debug|Any CPU
		{40E9C36A-80E0-4E97-8BCE-23AD648E7105}.Debug|Any CPU.Build.0 = Debug|Any CPU
		{40E9C36A-80E0-4E97-8BCE-23AD648E7105}.Release|Any CPU.ActiveCfg = Release|Any CPU
		{40E9C36A-80E0-4E97-8BCE-23AD648E7105}.Release|Any CPU.Build.0 = Release|Any CPU
		{F83DD35A-2B96-4264-A76B-C9595AD3B13E}.Debug|Any CPU.ActiveCfg = Debug|Any CPU
		{F83DD35A-2B96-4264-A76B-C9595AD3B13E}.Debug|Any CPU.Build.0 = Debug|Any CPU
		{F83DD35A-2B96-4264-A76B-C9595AD3B13E}.Release|Any CPU.ActiveCfg = Release|Any CPU
		{F83DD35A-2B96-4264-A76B-C9595AD3B13E}.Release|Any CPU.Build.0 = Release|Any CPU
		{EE2A449F-CDC0-4AA0-8766-FED18C532034}.Debug|Any CPU.ActiveCfg = Debug|Any CPU
		{EE2A449F-CDC0-4AA0-8766-FED18C532034}.Debug|Any CPU.Build.0 = Debug|Any CPU
		{EE2A449F-CDC0-4AA0-8766-FED18C532034}.Release|Any CPU.ActiveCfg = Release|Any CPU
		{EE2A449F-CDC0-4AA0-8766-FED18C532034}.Release|Any CPU.Build.0 = Release|Any CPU
		{40077E10-6B74-41DB-8E16-56511BD5EF01}.Debug|Any CPU.ActiveCfg = Debug|Any CPU
		{40077E10-6B74-41DB-8E16-56511BD5EF01}.Debug|Any CPU.Build.0 = Debug|Any CPU
		{40077E10-6B74-41DB-8E16-56511BD5EF01}.Release|Any CPU.ActiveCfg = Release|Any CPU
		{40077E10-6B74-41DB-8E16-56511BD5EF01}.Release|Any CPU.Build.0 = Release|Any CPU
		{511BCADA-6F5B-47DD-A136-255B83C75588}.Debug|Any CPU.ActiveCfg = Debug|Any CPU
		{511BCADA-6F5B-47DD-A136-255B83C75588}.Debug|Any CPU.Build.0 = Debug|Any CPU
		{511BCADA-6F5B-47DD-A136-255B83C75588}.Release|Any CPU.ActiveCfg = Release|Any CPU
		{511BCADA-6F5B-47DD-A136-255B83C75588}.Release|Any CPU.Build.0 = Release|Any CPU
		{45B6EA3F-00A9-481A-9C5A-1A2D15A44E8C}.Debug|Any CPU.ActiveCfg = Debug|Any CPU
		{45B6EA3F-00A9-481A-9C5A-1A2D15A44E8C}.Debug|Any CPU.Build.0 = Debug|Any CPU
		{45B6EA3F-00A9-481A-9C5A-1A2D15A44E8C}.Release|Any CPU.ActiveCfg = Release|Any CPU
		{45B6EA3F-00A9-481A-9C5A-1A2D15A44E8C}.Release|Any CPU.Build.0 = Release|Any CPU
		{64FE30D7-A6E6-4938-9E79-B25DE7FD6B87}.Debug|Any CPU.ActiveCfg = Debug|Any CPU
		{64FE30D7-A6E6-4938-9E79-B25DE7FD6B87}.Debug|Any CPU.Build.0 = Debug|Any CPU
		{64FE30D7-A6E6-4938-9E79-B25DE7FD6B87}.Release|Any CPU.ActiveCfg = Release|Any CPU
		{64FE30D7-A6E6-4938-9E79-B25DE7FD6B87}.Release|Any CPU.Build.0 = Release|Any CPU
		{A82086B5-DEB2-419A-B893-F5428F531776}.Debug|Any CPU.ActiveCfg = Debug|Any CPU
		{A82086B5-DEB2-419A-B893-F5428F531776}.Debug|Any CPU.Build.0 = Debug|Any CPU
		{A82086B5-DEB2-419A-B893-F5428F531776}.Release|Any CPU.ActiveCfg = Release|Any CPU
		{A82086B5-DEB2-419A-B893-F5428F531776}.Release|Any CPU.Build.0 = Release|Any CPU
	EndGlobalSection
EndGlobal
