
Microsoft Visual Studio Solution File, Format Version 12.00
# Visual Studio Version 16
VisualStudioVersion = 16.0.30225.117
MinimumVisualStudioVersion = 10.0.40219.1
Project("{9A19103F-16F7-4668-BE54-9A1E7A4F7556}") = "TaskA", "TaskA\TaskA.csproj", "{44631362-82F6-4DC9-8E0B-99A99F246AF5}"
EndProject
Project("{9A19103F-16F7-4668-BE54-9A1E7A4F7556}") = "TaskB", "TaskB\TaskB.csproj", "{676B2865-028B-4EC3-B9FB-854D432282A9}"
EndProject
Project("{9A19103F-16F7-4668-BE54-9A1E7A4F7556}") = "TaskC", "TaskC\TaskC.csproj", "{9502E444-5DA7-41B8-8976-84FF82659CFA}"
EndProject
Project("{9A19103F-16F7-4668-BE54-9A1E7A4F7556}") = "TaskD", "TaskD\TaskD.csproj", "{ABE326B0-9716-4DBC-BF6C-96FEB26B2603}"
EndProject
Project("{9A19103F-16F7-4668-BE54-9A1E7A4F7556}") = "TaskE", "TaskE\TaskE.csproj", "{0F2E4C5C-A9FE-43B2-93B1-7FBF4D6B063A}"
EndProject
Project("{9A19103F-16F7-4668-BE54-9A1E7A4F7556}") = "TaskF", "TaskF\TaskF.csproj", "{00FD6F2E-90E4-4B7D-960B-2426373E61D6}"
EndProject
Project("{9A19103F-16F7-4668-BE54-9A1E7A4F7556}") = "TaskG", "TaskG\TaskG.csproj", "{60465A41-9459-4ABB-8E3B-DCC9EEC07D44}"
EndProject
Project("{9A19103F-16F7-4668-BE54-9A1E7A4F7556}") = "TaskH", "TaskH\TaskH.csproj", "{36151526-9DEF-4359-9F5D-729E381A4F0E}"
EndProject
Project("{9A19103F-16F7-4668-BE54-9A1E7A4F7556}") = "TaskI", "TaskI\TaskI.csproj", "{791EE0B2-ECC3-4D0F-A801-A8C354C0F080}"
EndProject
Project("{9A19103F-16F7-4668-BE54-9A1E7A4F7556}") = "TaskJ", "TaskJ\TaskJ.csproj", "{1A5A1BBB-3569-41DB-B24A-69E3724C5638}"
EndProject
Global
	GlobalSection(SolutionConfigurationPlatforms) = preSolution
		Debug|Any CPU = Debug|Any CPU
		Release|Any CPU = Release|Any CPU
	EndGlobalSection
	GlobalSection(ProjectConfigurationPlatforms) = postSolution
		{44631362-82F6-4DC9-8E0B-99A99F246AF5}.Debug|Any CPU.ActiveCfg = Debug|Any CPU
		{44631362-82F6-4DC9-8E0B-99A99F246AF5}.Debug|Any CPU.Build.0 = Debug|Any CPU
		{44631362-82F6-4DC9-8E0B-99A99F246AF5}.Release|Any CPU.ActiveCfg = Release|Any CPU
		{44631362-82F6-4DC9-8E0B-99A99F246AF5}.Release|Any CPU.Build.0 = Release|Any CPU
		{676B2865-028B-4EC3-B9FB-854D432282A9}.Debug|Any CPU.ActiveCfg = Debug|Any CPU
		{676B2865-028B-4EC3-B9FB-854D432282A9}.Debug|Any CPU.Build.0 = Debug|Any CPU
		{676B2865-028B-4EC3-B9FB-854D432282A9}.Release|Any CPU.ActiveCfg = Release|Any CPU
		{676B2865-028B-4EC3-B9FB-854D432282A9}.Release|Any CPU.Build.0 = Release|Any CPU
		{9502E444-5DA7-41B8-8976-84FF82659CFA}.Debug|Any CPU.ActiveCfg = Debug|Any CPU
		{9502E444-5DA7-41B8-8976-84FF82659CFA}.Debug|Any CPU.Build.0 = Debug|Any CPU
		{9502E444-5DA7-41B8-8976-84FF82659CFA}.Release|Any CPU.ActiveCfg = Release|Any CPU
		{9502E444-5DA7-41B8-8976-84FF82659CFA}.Release|Any CPU.Build.0 = Release|Any CPU
		{ABE326B0-9716-4DBC-BF6C-96FEB26B2603}.Debug|Any CPU.ActiveCfg = Debug|Any CPU
		{ABE326B0-9716-4DBC-BF6C-96FEB26B2603}.Debug|Any CPU.Build.0 = Debug|Any CPU
		{ABE326B0-9716-4DBC-BF6C-96FEB26B2603}.Release|Any CPU.ActiveCfg = Release|Any CPU
		{ABE326B0-9716-4DBC-BF6C-96FEB26B2603}.Release|Any CPU.Build.0 = Release|Any CPU
		{0F2E4C5C-A9FE-43B2-93B1-7FBF4D6B063A}.Debug|Any CPU.ActiveCfg = Debug|Any CPU
		{0F2E4C5C-A9FE-43B2-93B1-7FBF4D6B063A}.Debug|Any CPU.Build.0 = Debug|Any CPU
		{0F2E4C5C-A9FE-43B2-93B1-7FBF4D6B063A}.Release|Any CPU.ActiveCfg = Release|Any CPU
		{0F2E4C5C-A9FE-43B2-93B1-7FBF4D6B063A}.Release|Any CPU.Build.0 = Release|Any CPU
		{00FD6F2E-90E4-4B7D-960B-2426373E61D6}.Debug|Any CPU.ActiveCfg = Debug|Any CPU
		{00FD6F2E-90E4-4B7D-960B-2426373E61D6}.Debug|Any CPU.Build.0 = Debug|Any CPU
		{00FD6F2E-90E4-4B7D-960B-2426373E61D6}.Release|Any CPU.ActiveCfg = Release|Any CPU
		{00FD6F2E-90E4-4B7D-960B-2426373E61D6}.Release|Any CPU.Build.0 = Release|Any CPU
		{60465A41-9459-4ABB-8E3B-DCC9EEC07D44}.Debug|Any CPU.ActiveCfg = Debug|Any CPU
		{60465A41-9459-4ABB-8E3B-DCC9EEC07D44}.Debug|Any CPU.Build.0 = Debug|Any CPU
		{60465A41-9459-4ABB-8E3B-DCC9EEC07D44}.Release|Any CPU.ActiveCfg = Release|Any CPU
		{60465A41-9459-4ABB-8E3B-DCC9EEC07D44}.Release|Any CPU.Build.0 = Release|Any CPU
		{36151526-9DEF-4359-9F5D-729E381A4F0E}.Debug|Any CPU.ActiveCfg = Debug|Any CPU
		{36151526-9DEF-4359-9F5D-729E381A4F0E}.Debug|Any CPU.Build.0 = Debug|Any CPU
		{36151526-9DEF-4359-9F5D-729E381A4F0E}.Release|Any CPU.ActiveCfg = Release|Any CPU
		{36151526-9DEF-4359-9F5D-729E381A4F0E}.Release|Any CPU.Build.0 = Release|Any CPU
		{791EE0B2-ECC3-4D0F-A801-A8C354C0F080}.Debug|Any CPU.ActiveCfg = Debug|Any CPU
		{791EE0B2-ECC3-4D0F-A801-A8C354C0F080}.Debug|Any CPU.Build.0 = Debug|Any CPU
		{791EE0B2-ECC3-4D0F-A801-A8C354C0F080}.Release|Any CPU.ActiveCfg = Release|Any CPU
		{791EE0B2-ECC3-4D0F-A801-A8C354C0F080}.Release|Any CPU.Build.0 = Release|Any CPU
		{1A5A1BBB-3569-41DB-B24A-69E3724C5638}.Debug|Any CPU.ActiveCfg = Debug|Any CPU
		{1A5A1BBB-3569-41DB-B24A-69E3724C5638}.Debug|Any CPU.Build.0 = Debug|Any CPU
		{1A5A1BBB-3569-41DB-B24A-69E3724C5638}.Release|Any CPU.ActiveCfg = Release|Any CPU
		{1A5A1BBB-3569-41DB-B24A-69E3724C5638}.Release|Any CPU.Build.0 = Release|Any CPU
	EndGlobalSection
	GlobalSection(SolutionProperties) = preSolution
		HideSolutionNode = FALSE
	EndGlobalSection
	GlobalSection(ExtensibilityGlobals) = postSolution
		SolutionGuid = {95A79150-48F8-4CEE-A75E-4E3EE76B2EDF}
	EndGlobalSection
EndGlobal
