
Microsoft Visual Studio Solution File, Format Version 12.00
# Visual Studio Version 16
VisualStudioVersion = 16.0.30225.117
MinimumVisualStudioVersion = 10.0.40219.1
Project("{9A19103F-16F7-4668-BE54-9A1E7A4F7556}") = "TaskA", "TaskA\TaskA.csproj", "{91E10687-75B8-4FCD-BE41-16BC028E33D8}"
EndProject
Project("{9A19103F-16F7-4668-BE54-9A1E7A4F7556}") = "TaskB", "TaskB\TaskB.csproj", "{68B73D75-0037-4330-86FD-1D81A5C31BF9}"
EndProject
Project("{9A19103F-16F7-4668-BE54-9A1E7A4F7556}") = "TaskC", "TaskC\TaskC.csproj", "{84B64B40-DA94-4FF9-B8C8-AD0D8E07C1DC}"
EndProject
Project("{9A19103F-16F7-4668-BE54-9A1E7A4F7556}") = "TaskD", "TaskD\TaskD.csproj", "{11A0432E-D69F-4033-B8B1-DE8BD5215432}"
EndProject
Project("{9A19103F-16F7-4668-BE54-9A1E7A4F7556}") = "TaskF", "TaskF\TaskF.csproj", "{E1DEBA7D-C1F8-4FF3-888A-A1450CC0E914}"
EndProject
Project("{9A19103F-16F7-4668-BE54-9A1E7A4F7556}") = "TaskG", "TaskG\TaskG.csproj", "{562CE1A4-23D4-446C-9537-7F9B8B63CE8F}"
EndProject
Project("{9A19103F-16F7-4668-BE54-9A1E7A4F7556}") = "TaskH", "TaskH\TaskH.csproj", "{CE70D266-01A3-4FCF-8388-4E76435428C1}"
EndProject
Project("{9A19103F-16F7-4668-BE54-9A1E7A4F7556}") = "TaskI", "TaskI\TaskI.csproj", "{0CE37398-0D3C-451D-A5AC-8F03642978DF}"
EndProject
Project("{9A19103F-16F7-4668-BE54-9A1E7A4F7556}") = "TaskJ", "TaskJ\TaskJ.csproj", "{C0F9651C-8F09-4006-9C28-86404EC6EC3A}"
EndProject
Project("{9A19103F-16F7-4668-BE54-9A1E7A4F7556}") = "TaskE", "TaskE\TaskE.csproj", "{590DE36B-02C8-4FB6-BB49-985AF6CBAE03}"
EndProject
Global
	GlobalSection(SolutionConfigurationPlatforms) = preSolution
		Debug|Any CPU = Debug|Any CPU
		Release|Any CPU = Release|Any CPU
	EndGlobalSection
	GlobalSection(ProjectConfigurationPlatforms) = postSolution
		{91E10687-75B8-4FCD-BE41-16BC028E33D8}.Debug|Any CPU.ActiveCfg = Debug|Any CPU
		{91E10687-75B8-4FCD-BE41-16BC028E33D8}.Debug|Any CPU.Build.0 = Debug|Any CPU
		{91E10687-75B8-4FCD-BE41-16BC028E33D8}.Release|Any CPU.ActiveCfg = Release|Any CPU
		{91E10687-75B8-4FCD-BE41-16BC028E33D8}.Release|Any CPU.Build.0 = Release|Any CPU
		{68B73D75-0037-4330-86FD-1D81A5C31BF9}.Debug|Any CPU.ActiveCfg = Debug|Any CPU
		{68B73D75-0037-4330-86FD-1D81A5C31BF9}.Debug|Any CPU.Build.0 = Debug|Any CPU
		{68B73D75-0037-4330-86FD-1D81A5C31BF9}.Release|Any CPU.ActiveCfg = Release|Any CPU
		{68B73D75-0037-4330-86FD-1D81A5C31BF9}.Release|Any CPU.Build.0 = Release|Any CPU
		{84B64B40-DA94-4FF9-B8C8-AD0D8E07C1DC}.Debug|Any CPU.ActiveCfg = Debug|Any CPU
		{84B64B40-DA94-4FF9-B8C8-AD0D8E07C1DC}.Debug|Any CPU.Build.0 = Debug|Any CPU
		{84B64B40-DA94-4FF9-B8C8-AD0D8E07C1DC}.Release|Any CPU.ActiveCfg = Release|Any CPU
		{84B64B40-DA94-4FF9-B8C8-AD0D8E07C1DC}.Release|Any CPU.Build.0 = Release|Any CPU
		{11A0432E-D69F-4033-B8B1-DE8BD5215432}.Debug|Any CPU.ActiveCfg = Debug|Any CPU
		{11A0432E-D69F-4033-B8B1-DE8BD5215432}.Debug|Any CPU.Build.0 = Debug|Any CPU
		{11A0432E-D69F-4033-B8B1-DE8BD5215432}.Release|Any CPU.ActiveCfg = Release|Any CPU
		{11A0432E-D69F-4033-B8B1-DE8BD5215432}.Release|Any CPU.Build.0 = Release|Any CPU
		{E1DEBA7D-C1F8-4FF3-888A-A1450CC0E914}.Debug|Any CPU.ActiveCfg = Debug|Any CPU
		{E1DEBA7D-C1F8-4FF3-888A-A1450CC0E914}.Debug|Any CPU.Build.0 = Debug|Any CPU
		{E1DEBA7D-C1F8-4FF3-888A-A1450CC0E914}.Release|Any CPU.ActiveCfg = Release|Any CPU
		{E1DEBA7D-C1F8-4FF3-888A-A1450CC0E914}.Release|Any CPU.Build.0 = Release|Any CPU
		{562CE1A4-23D4-446C-9537-7F9B8B63CE8F}.Debug|Any CPU.ActiveCfg = Debug|Any CPU
		{562CE1A4-23D4-446C-9537-7F9B8B63CE8F}.Debug|Any CPU.Build.0 = Debug|Any CPU
		{562CE1A4-23D4-446C-9537-7F9B8B63CE8F}.Release|Any CPU.ActiveCfg = Release|Any CPU
		{562CE1A4-23D4-446C-9537-7F9B8B63CE8F}.Release|Any CPU.Build.0 = Release|Any CPU
		{CE70D266-01A3-4FCF-8388-4E76435428C1}.Debug|Any CPU.ActiveCfg = Debug|Any CPU
		{CE70D266-01A3-4FCF-8388-4E76435428C1}.Debug|Any CPU.Build.0 = Debug|Any CPU
		{CE70D266-01A3-4FCF-8388-4E76435428C1}.Release|Any CPU.ActiveCfg = Release|Any CPU
		{CE70D266-01A3-4FCF-8388-4E76435428C1}.Release|Any CPU.Build.0 = Release|Any CPU
		{0CE37398-0D3C-451D-A5AC-8F03642978DF}.Debug|Any CPU.ActiveCfg = Debug|Any CPU
		{0CE37398-0D3C-451D-A5AC-8F03642978DF}.Debug|Any CPU.Build.0 = Debug|Any CPU
		{0CE37398-0D3C-451D-A5AC-8F03642978DF}.Release|Any CPU.ActiveCfg = Release|Any CPU
		{0CE37398-0D3C-451D-A5AC-8F03642978DF}.Release|Any CPU.Build.0 = Release|Any CPU
		{C0F9651C-8F09-4006-9C28-86404EC6EC3A}.Debug|Any CPU.ActiveCfg = Debug|Any CPU
		{C0F9651C-8F09-4006-9C28-86404EC6EC3A}.Debug|Any CPU.Build.0 = Debug|Any CPU
		{C0F9651C-8F09-4006-9C28-86404EC6EC3A}.Release|Any CPU.ActiveCfg = Release|Any CPU
		{C0F9651C-8F09-4006-9C28-86404EC6EC3A}.Release|Any CPU.Build.0 = Release|Any CPU
		{590DE36B-02C8-4FB6-BB49-985AF6CBAE03}.Debug|Any CPU.ActiveCfg = Debug|Any CPU
		{590DE36B-02C8-4FB6-BB49-985AF6CBAE03}.Debug|Any CPU.Build.0 = Debug|Any CPU
		{590DE36B-02C8-4FB6-BB49-985AF6CBAE03}.Release|Any CPU.ActiveCfg = Release|Any CPU
		{590DE36B-02C8-4FB6-BB49-985AF6CBAE03}.Release|Any CPU.Build.0 = Release|Any CPU
	EndGlobalSection
	GlobalSection(SolutionProperties) = preSolution
		HideSolutionNode = FALSE
	EndGlobalSection
	GlobalSection(ExtensibilityGlobals) = postSolution
		SolutionGuid = {43CE3B38-DE0E-4EB9-AFBC-4B4BE2FA5E52}
	EndGlobalSection
EndGlobal
