
Microsoft Visual Studio Solution File, Format Version 12.00
Project("{FAE04EC0-301F-11D3-BF4B-00C04F79EFBC}") = "TaskA", "TaskA\TaskA.csproj", "{88EDEF63-F29B-4737-B901-9A1BACD6A813}"
EndProject
Project("{FAE04EC0-301F-11D3-BF4B-00C04F79EFBC}") = "TaskB", "TaskB\TaskB.csproj", "{90023FAF-BCA1-4FD3-B0D0-563F2C74F7A0}"
EndProject
Project("{FAE04EC0-301F-11D3-BF4B-00C04F79EFBC}") = "TaskC", "TaskC\TaskC.csproj", "{6E51CCFE-C202-4BC8-9D98-D2EABC5F56AC}"
EndProject
Project("{FAE04EC0-301F-11D3-BF4B-00C04F79EFBC}") = "TaskD", "TaskD\TaskD.csproj", "{B63BB837-F19D-4C72-981F-87EF24045813}"
EndProject
Project("{FAE04EC0-301F-11D3-BF4B-00C04F79EFBC}") = "TaskE", "TaskE\TaskE.csproj", "{E72CFD44-C632-47B2-809A-EBDB964A07A2}"
EndProject
Project("{FAE04EC0-301F-11D3-BF4B-00C04F79EFBC}") = "TaskF", "TaskF\TaskF.csproj", "{A7B627D3-A05C-4256-B79F-546FB1EA6EB4}"
EndProject
Project("{FAE04EC0-301F-11D3-BF4B-00C04F79EFBC}") = "TaskG", "TaskG\TaskG.csproj", "{0EF41B02-D248-4A7E-A34C-F2B195CA5236}"
EndProject
Project("{FAE04EC0-301F-11D3-BF4B-00C04F79EFBC}") = "TaskH", "TaskH\TaskH.csproj", "{6751CE14-8F5D-49EB-8B6C-BC3DD0362856}"
EndProject
Project("{FAE04EC0-301F-11D3-BF4B-00C04F79EFBC}") = "TaskI", "TaskI\TaskI.csproj", "{455A60DF-29FB-4041-B42F-E699ACBEE35E}"
EndProject
Project("{FAE04EC0-301F-11D3-BF4B-00C04F79EFBC}") = "TaskJ", "TaskJ\TaskJ.csproj", "{CE3DE36A-9DFB-482A-B005-B05194675498}"
EndProject
Global
	GlobalSection(SolutionConfigurationPlatforms) = preSolution
		Debug|Any CPU = Debug|Any CPU
		Release|Any CPU = Release|Any CPU
	EndGlobalSection
	GlobalSection(ProjectConfigurationPlatforms) = postSolution
		{88EDEF63-F29B-4737-B901-9A1BACD6A813}.Debug|Any CPU.ActiveCfg = Debug|Any CPU
		{88EDEF63-F29B-4737-B901-9A1BACD6A813}.Debug|Any CPU.Build.0 = Debug|Any CPU
		{88EDEF63-F29B-4737-B901-9A1BACD6A813}.Release|Any CPU.ActiveCfg = Release|Any CPU
		{88EDEF63-F29B-4737-B901-9A1BACD6A813}.Release|Any CPU.Build.0 = Release|Any CPU
		{90023FAF-BCA1-4FD3-B0D0-563F2C74F7A0}.Debug|Any CPU.ActiveCfg = Debug|Any CPU
		{90023FAF-BCA1-4FD3-B0D0-563F2C74F7A0}.Debug|Any CPU.Build.0 = Debug|Any CPU
		{90023FAF-BCA1-4FD3-B0D0-563F2C74F7A0}.Release|Any CPU.ActiveCfg = Release|Any CPU
		{90023FAF-BCA1-4FD3-B0D0-563F2C74F7A0}.Release|Any CPU.Build.0 = Release|Any CPU
		{6E51CCFE-C202-4BC8-9D98-D2EABC5F56AC}.Debug|Any CPU.ActiveCfg = Debug|Any CPU
		{6E51CCFE-C202-4BC8-9D98-D2EABC5F56AC}.Debug|Any CPU.Build.0 = Debug|Any CPU
		{6E51CCFE-C202-4BC8-9D98-D2EABC5F56AC}.Release|Any CPU.ActiveCfg = Release|Any CPU
		{6E51CCFE-C202-4BC8-9D98-D2EABC5F56AC}.Release|Any CPU.Build.0 = Release|Any CPU
		{B63BB837-F19D-4C72-981F-87EF24045813}.Debug|Any CPU.ActiveCfg = Debug|Any CPU
		{B63BB837-F19D-4C72-981F-87EF24045813}.Debug|Any CPU.Build.0 = Debug|Any CPU
		{B63BB837-F19D-4C72-981F-87EF24045813}.Release|Any CPU.ActiveCfg = Release|Any CPU
		{B63BB837-F19D-4C72-981F-87EF24045813}.Release|Any CPU.Build.0 = Release|Any CPU
		{E72CFD44-C632-47B2-809A-EBDB964A07A2}.Debug|Any CPU.ActiveCfg = Debug|Any CPU
		{E72CFD44-C632-47B2-809A-EBDB964A07A2}.Debug|Any CPU.Build.0 = Debug|Any CPU
		{E72CFD44-C632-47B2-809A-EBDB964A07A2}.Release|Any CPU.ActiveCfg = Release|Any CPU
		{E72CFD44-C632-47B2-809A-EBDB964A07A2}.Release|Any CPU.Build.0 = Release|Any CPU
		{A7B627D3-A05C-4256-B79F-546FB1EA6EB4}.Debug|Any CPU.ActiveCfg = Debug|Any CPU
		{A7B627D3-A05C-4256-B79F-546FB1EA6EB4}.Debug|Any CPU.Build.0 = Debug|Any CPU
		{A7B627D3-A05C-4256-B79F-546FB1EA6EB4}.Release|Any CPU.ActiveCfg = Release|Any CPU
		{A7B627D3-A05C-4256-B79F-546FB1EA6EB4}.Release|Any CPU.Build.0 = Release|Any CPU
		{0EF41B02-D248-4A7E-A34C-F2B195CA5236}.Debug|Any CPU.ActiveCfg = Debug|Any CPU
		{0EF41B02-D248-4A7E-A34C-F2B195CA5236}.Debug|Any CPU.Build.0 = Debug|Any CPU
		{0EF41B02-D248-4A7E-A34C-F2B195CA5236}.Release|Any CPU.ActiveCfg = Release|Any CPU
		{0EF41B02-D248-4A7E-A34C-F2B195CA5236}.Release|Any CPU.Build.0 = Release|Any CPU
		{6751CE14-8F5D-49EB-8B6C-BC3DD0362856}.Debug|Any CPU.ActiveCfg = Debug|Any CPU
		{6751CE14-8F5D-49EB-8B6C-BC3DD0362856}.Debug|Any CPU.Build.0 = Debug|Any CPU
		{6751CE14-8F5D-49EB-8B6C-BC3DD0362856}.Release|Any CPU.ActiveCfg = Release|Any CPU
		{6751CE14-8F5D-49EB-8B6C-BC3DD0362856}.Release|Any CPU.Build.0 = Release|Any CPU
		{455A60DF-29FB-4041-B42F-E699ACBEE35E}.Debug|Any CPU.ActiveCfg = Debug|Any CPU
		{455A60DF-29FB-4041-B42F-E699ACBEE35E}.Debug|Any CPU.Build.0 = Debug|Any CPU
		{455A60DF-29FB-4041-B42F-E699ACBEE35E}.Release|Any CPU.ActiveCfg = Release|Any CPU
		{455A60DF-29FB-4041-B42F-E699ACBEE35E}.Release|Any CPU.Build.0 = Release|Any CPU
		{CE3DE36A-9DFB-482A-B005-B05194675498}.Debug|Any CPU.ActiveCfg = Debug|Any CPU
		{CE3DE36A-9DFB-482A-B005-B05194675498}.Debug|Any CPU.Build.0 = Debug|Any CPU
		{CE3DE36A-9DFB-482A-B005-B05194675498}.Release|Any CPU.ActiveCfg = Release|Any CPU
		{CE3DE36A-9DFB-482A-B005-B05194675498}.Release|Any CPU.Build.0 = Release|Any CPU
	EndGlobalSection
EndGlobal
