
Microsoft Visual Studio Solution File, Format Version 12.00
Project("{FAE04EC0-301F-11D3-BF4B-00C04F79EFBC}") = "TaskJ", "TaskJ\TaskJ.csproj", "{8AF7D80B-8E37-4AAA-B628-6CDB5FDC8843}"
EndProject
Project("{FAE04EC0-301F-11D3-BF4B-00C04F79EFBC}") = "TaskA", "TaskA\TaskA.csproj", "{42A89F47-26EC-4F6D-9CAB-F0D0BE02C2F5}"
EndProject
Project("{FAE04EC0-301F-11D3-BF4B-00C04F79EFBC}") = "TaskB", "TaskB\TaskB.csproj", "{604B28DD-6460-4884-96C1-562705D55E17}"
EndProject
Project("{FAE04EC0-301F-11D3-BF4B-00C04F79EFBC}") = "TaskC", "TaskC\TaskC.csproj", "{E001A983-0E12-44B1-B51B-DF646CAE5668}"
EndProject
Project("{FAE04EC0-301F-11D3-BF4B-00C04F79EFBC}") = "TaskD", "TaskD\TaskD.csproj", "{262F775D-6865-4D16-AFEE-B076F66AE3EB}"
EndProject
Project("{FAE04EC0-301F-11D3-BF4B-00C04F79EFBC}") = "TaskE", "TaskE\TaskE.csproj", "{036AA2DA-51B3-42BF-976D-E572C72D733C}"
EndProject
Project("{FAE04EC0-301F-11D3-BF4B-00C04F79EFBC}") = "TaskF", "TaskF\TaskF.csproj", "{61C3FED4-A350-4DD5-843E-5556BB2855D2}"
EndProject
Project("{FAE04EC0-301F-11D3-BF4B-00C04F79EFBC}") = "TaskG", "TaskG\TaskG.csproj", "{F8DA747A-B6E0-420C-9D9D-4FCB5CE12B9A}"
EndProject
Project("{FAE04EC0-301F-11D3-BF4B-00C04F79EFBC}") = "TaskH", "TaskH\TaskH.csproj", "{131B71FB-A2FA-45FD-B6B4-A30285C41898}"
EndProject
Project("{FAE04EC0-301F-11D3-BF4B-00C04F79EFBC}") = "TaskI", "TaskI\TaskI.csproj", "{D2C3DBE7-71FE-41FF-8E32-366B116D57B4}"
EndProject
Global
	GlobalSection(SolutionConfigurationPlatforms) = preSolution
		Debug|Any CPU = Debug|Any CPU
		Release|Any CPU = Release|Any CPU
	EndGlobalSection
	GlobalSection(ProjectConfigurationPlatforms) = postSolution
		{8AF7D80B-8E37-4AAA-B628-6CDB5FDC8843}.Debug|Any CPU.ActiveCfg = Debug|Any CPU
		{8AF7D80B-8E37-4AAA-B628-6CDB5FDC8843}.Debug|Any CPU.Build.0 = Debug|Any CPU
		{8AF7D80B-8E37-4AAA-B628-6CDB5FDC8843}.Release|Any CPU.ActiveCfg = Release|Any CPU
		{8AF7D80B-8E37-4AAA-B628-6CDB5FDC8843}.Release|Any CPU.Build.0 = Release|Any CPU
		{42A89F47-26EC-4F6D-9CAB-F0D0BE02C2F5}.Debug|Any CPU.ActiveCfg = Debug|Any CPU
		{42A89F47-26EC-4F6D-9CAB-F0D0BE02C2F5}.Debug|Any CPU.Build.0 = Debug|Any CPU
		{42A89F47-26EC-4F6D-9CAB-F0D0BE02C2F5}.Release|Any CPU.ActiveCfg = Release|Any CPU
		{42A89F47-26EC-4F6D-9CAB-F0D0BE02C2F5}.Release|Any CPU.Build.0 = Release|Any CPU
		{604B28DD-6460-4884-96C1-562705D55E17}.Debug|Any CPU.ActiveCfg = Debug|Any CPU
		{604B28DD-6460-4884-96C1-562705D55E17}.Debug|Any CPU.Build.0 = Debug|Any CPU
		{604B28DD-6460-4884-96C1-562705D55E17}.Release|Any CPU.ActiveCfg = Release|Any CPU
		{604B28DD-6460-4884-96C1-562705D55E17}.Release|Any CPU.Build.0 = Release|Any CPU
		{E001A983-0E12-44B1-B51B-DF646CAE5668}.Debug|Any CPU.ActiveCfg = Debug|Any CPU
		{E001A983-0E12-44B1-B51B-DF646CAE5668}.Debug|Any CPU.Build.0 = Debug|Any CPU
		{E001A983-0E12-44B1-B51B-DF646CAE5668}.Release|Any CPU.ActiveCfg = Release|Any CPU
		{E001A983-0E12-44B1-B51B-DF646CAE5668}.Release|Any CPU.Build.0 = Release|Any CPU
		{262F775D-6865-4D16-AFEE-B076F66AE3EB}.Debug|Any CPU.ActiveCfg = Debug|Any CPU
		{262F775D-6865-4D16-AFEE-B076F66AE3EB}.Debug|Any CPU.Build.0 = Debug|Any CPU
		{262F775D-6865-4D16-AFEE-B076F66AE3EB}.Release|Any CPU.ActiveCfg = Release|Any CPU
		{262F775D-6865-4D16-AFEE-B076F66AE3EB}.Release|Any CPU.Build.0 = Release|Any CPU
		{036AA2DA-51B3-42BF-976D-E572C72D733C}.Debug|Any CPU.ActiveCfg = Debug|Any CPU
		{036AA2DA-51B3-42BF-976D-E572C72D733C}.Debug|Any CPU.Build.0 = Debug|Any CPU
		{036AA2DA-51B3-42BF-976D-E572C72D733C}.Release|Any CPU.ActiveCfg = Release|Any CPU
		{036AA2DA-51B3-42BF-976D-E572C72D733C}.Release|Any CPU.Build.0 = Release|Any CPU
		{61C3FED4-A350-4DD5-843E-5556BB2855D2}.Debug|Any CPU.ActiveCfg = Debug|Any CPU
		{61C3FED4-A350-4DD5-843E-5556BB2855D2}.Debug|Any CPU.Build.0 = Debug|Any CPU
		{61C3FED4-A350-4DD5-843E-5556BB2855D2}.Release|Any CPU.ActiveCfg = Release|Any CPU
		{61C3FED4-A350-4DD5-843E-5556BB2855D2}.Release|Any CPU.Build.0 = Release|Any CPU
		{F8DA747A-B6E0-420C-9D9D-4FCB5CE12B9A}.Debug|Any CPU.ActiveCfg = Debug|Any CPU
		{F8DA747A-B6E0-420C-9D9D-4FCB5CE12B9A}.Debug|Any CPU.Build.0 = Debug|Any CPU
		{F8DA747A-B6E0-420C-9D9D-4FCB5CE12B9A}.Release|Any CPU.ActiveCfg = Release|Any CPU
		{F8DA747A-B6E0-420C-9D9D-4FCB5CE12B9A}.Release|Any CPU.Build.0 = Release|Any CPU
		{131B71FB-A2FA-45FD-B6B4-A30285C41898}.Debug|Any CPU.ActiveCfg = Debug|Any CPU
		{131B71FB-A2FA-45FD-B6B4-A30285C41898}.Debug|Any CPU.Build.0 = Debug|Any CPU
		{131B71FB-A2FA-45FD-B6B4-A30285C41898}.Release|Any CPU.ActiveCfg = Release|Any CPU
		{131B71FB-A2FA-45FD-B6B4-A30285C41898}.Release|Any CPU.Build.0 = Release|Any CPU
		{D2C3DBE7-71FE-41FF-8E32-366B116D57B4}.Debug|Any CPU.ActiveCfg = Debug|Any CPU
		{D2C3DBE7-71FE-41FF-8E32-366B116D57B4}.Debug|Any CPU.Build.0 = Debug|Any CPU
		{D2C3DBE7-71FE-41FF-8E32-366B116D57B4}.Release|Any CPU.ActiveCfg = Release|Any CPU
		{D2C3DBE7-71FE-41FF-8E32-366B116D57B4}.Release|Any CPU.Build.0 = Release|Any CPU
	EndGlobalSection
EndGlobal
